
Microsoft Visual Studio Solution File, Format Version 12.00
# Visual Studio Version 17
VisualStudioVersion = 17.8.34322.80
MinimumVisualStudioVersion = 10.0.40219.1
Project("{FAE04EC0-301F-11D3-BF4B-00C04F79EFBC}") = "ExpressedRealms.Server", "ExpressedRealms.Server\ExpressedRealms.Server.csproj", "{84293382-D973-415A-B4A7-389A9B18251A}"
EndProject
Project("{FAE04EC0-301F-11D3-BF4B-00C04F79EFBC}") = "ExpressedRealms.DB", "ExpressedRealms.DB\ExpressedRealms.DB.csproj", "{75A5A286-276F-4C73-9BFF-A30D4AE5DDE8}"
EndProject
Project("{FAE04EC0-301F-11D3-BF4B-00C04F79EFBC}") = "ExpressedRealms.Email", "ExpressedRealms.Email\ExpressedRealms.Email.csproj", "{DD99F460-D42F-43A6-B1CC-5D671A20556F}"
EndProject
Project("{FAE04EC0-301F-11D3-BF4B-00C04F79EFBC}") = "ExpressedRealms.Repositories.Characters", "ExpressedRealms.Repositories.Characters\ExpressedRealms.Repositories.Characters.csproj", "{427CB02E-A9FA-4308-B96D-B8BE2F1EB316}"
EndProject
Project("{FAE04EC0-301F-11D3-BF4B-00C04F79EFBC}") = "ExpressedRealms.Repositories.Shared", "ExpressedRealms.Repositories.Shared\ExpressedRealms.Repositories.Shared.csproj", "{0554641F-EEE1-4480-925F-F6FAB1993D99}"
EndProject
Global
	GlobalSection(SolutionConfigurationPlatforms) = preSolution
		Debug|Any CPU = Debug|Any CPU
		Release|Any CPU = Release|Any CPU
	EndGlobalSection
	GlobalSection(ProjectConfigurationPlatforms) = postSolution
		{84293382-D973-415A-B4A7-389A9B18251A}.Debug|Any CPU.ActiveCfg = Debug|Any CPU
		{84293382-D973-415A-B4A7-389A9B18251A}.Debug|Any CPU.Build.0 = Debug|Any CPU
		{84293382-D973-415A-B4A7-389A9B18251A}.Release|Any CPU.ActiveCfg = Release|Any CPU
		{84293382-D973-415A-B4A7-389A9B18251A}.Release|Any CPU.Build.0 = Release|Any CPU
		{75A5A286-276F-4C73-9BFF-A30D4AE5DDE8}.Debug|Any CPU.ActiveCfg = Debug|Any CPU
		{75A5A286-276F-4C73-9BFF-A30D4AE5DDE8}.Debug|Any CPU.Build.0 = Debug|Any CPU
		{75A5A286-276F-4C73-9BFF-A30D4AE5DDE8}.Release|Any CPU.ActiveCfg = Release|Any CPU
		{75A5A286-276F-4C73-9BFF-A30D4AE5DDE8}.Release|Any CPU.Build.0 = Release|Any CPU
		{DD99F460-D42F-43A6-B1CC-5D671A20556F}.Debug|Any CPU.ActiveCfg = Debug|Any CPU
		{DD99F460-D42F-43A6-B1CC-5D671A20556F}.Debug|Any CPU.Build.0 = Debug|Any CPU
		{DD99F460-D42F-43A6-B1CC-5D671A20556F}.Release|Any CPU.ActiveCfg = Release|Any CPU
		{DD99F460-D42F-43A6-B1CC-5D671A20556F}.Release|Any CPU.Build.0 = Release|Any CPU
		{427CB02E-A9FA-4308-B96D-B8BE2F1EB316}.Debug|Any CPU.ActiveCfg = Debug|Any CPU
		{427CB02E-A9FA-4308-B96D-B8BE2F1EB316}.Debug|Any CPU.Build.0 = Debug|Any CPU
		{427CB02E-A9FA-4308-B96D-B8BE2F1EB316}.Release|Any CPU.ActiveCfg = Release|Any CPU
		{427CB02E-A9FA-4308-B96D-B8BE2F1EB316}.Release|Any CPU.Build.0 = Release|Any CPU
		{0554641F-EEE1-4480-925F-F6FAB1993D99}.Debug|Any CPU.ActiveCfg = Debug|Any CPU
		{0554641F-EEE1-4480-925F-F6FAB1993D99}.Debug|Any CPU.Build.0 = Debug|Any CPU
		{0554641F-EEE1-4480-925F-F6FAB1993D99}.Release|Any CPU.ActiveCfg = Release|Any CPU
		{0554641F-EEE1-4480-925F-F6FAB1993D99}.Release|Any CPU.Build.0 = Release|Any CPU
	EndGlobalSection
	GlobalSection(SolutionProperties) = preSolution
		HideSolutionNode = FALSE
	EndGlobalSection
	GlobalSection(ExtensibilityGlobals) = postSolution
		SolutionGuid = {D94C6329-C255-41DE-ABC3-8AD8BDC4EA18}
	EndGlobalSection
EndGlobal
